{
  "pins" : [
    {
      "identity" : "kingfisher",
      "kind" : "remoteSourceControl",
      "location" : "https://github.com/onevcat/Kingfisher",
      "state" : {
        "revision" : "277f1ab2c6664b19b4a412e32b094b201e2d5757",
        "version" : "7.10.0"
      }
    },
    {
      "identity" : "networkmanagerpro",
      "kind" : "remoteSourceControl",
      "location" : "https://github.com/dsila2017/NetworkManagerPro",
      "state" : {
        "branch" : "main",
        "revision" : "6f8fc7231621999c692da320d8dc82081a5912aa"
      }
    }
  ],
  "version" : 2
}
