// !$*UTF8*$!
{
	archiveVersion = 1;
	classes = {
	};
	objectVersion = 56;
	objects = {

/* Begin PBXBuildFile section */
		632AF25C2B17BDFD0006F5E0 /* Kingfisher in Frameworks */ = {isa = PBXBuildFile; productRef = 632AF25B2B17BDFD0006F5E0 /* Kingfisher */; };
		63DE5E632B1766F80050A54E /* AppDelegate.swift in Sources */ = {isa = PBXBuildFile; fileRef = 63DE5E622B1766F80050A54E /* AppDelegate.swift */; };
		63DE5E652B1766F80050A54E /* SceneDelegate.swift in Sources */ = {isa = PBXBuildFile; fileRef = 63DE5E642B1766F80050A54E /* SceneDelegate.swift */; };
		63DE5E672B1766F80050A54E /* AirQualityPageView.swift in Sources */ = {isa = PBXBuildFile; fileRef = 63DE5E662B1766F80050A54E /* AirQualityPageView.swift */; };
		63DE5E6C2B1766F90050A54E /* Assets.xcassets in Resources */ = {isa = PBXBuildFile; fileRef = 63DE5E6B2B1766F90050A54E /* Assets.xcassets */; };
		63DE5E6F2B1766F90050A54E /* LaunchScreen.storyboard in Resources */ = {isa = PBXBuildFile; fileRef = 63DE5E6D2B1766F90050A54E /* LaunchScreen.storyboard */; };
		63DE5E792B1775D50050A54E /* WeatherPageView.swift in Sources */ = {isa = PBXBuildFile; fileRef = 63DE5E782B1775D50050A54E /* WeatherPageView.swift */; };
		63DE5E7D2B17760E0050A54E /* SpeciePageView.swift in Sources */ = {isa = PBXBuildFile; fileRef = 63DE5E7C2B17760E0050A54E /* SpeciePageView.swift */; };
		63DE5E802B17765D0050A54E /* SolarResourcePageView.swift in Sources */ = {isa = PBXBuildFile; fileRef = 63DE5E7F2B17765D0050A54E /* SolarResourcePageView.swift */; };
		63DE5E832B17767C0050A54E /* PopulationPageView.swift in Sources */ = {isa = PBXBuildFile; fileRef = 63DE5E822B17767C0050A54E /* PopulationPageView.swift */; };
		63DE5E862B1776C40050A54E /* AirQualityPageModel.swift in Sources */ = {isa = PBXBuildFile; fileRef = 63DE5E852B1776C40050A54E /* AirQualityPageModel.swift */; };
		63DE5E882B1776D10050A54E /* AirQualityPageViewModel.swift in Sources */ = {isa = PBXBuildFile; fileRef = 63DE5E872B1776D10050A54E /* AirQualityPageViewModel.swift */; };
		63DE5E8D2B1777250050A54E /* WeatherPageModel.swift in Sources */ = {isa = PBXBuildFile; fileRef = 63DE5E8C2B1777250050A54E /* WeatherPageModel.swift */; };
		63DE5E8F2B17772B0050A54E /* WeatherPageViewModel.swift in Sources */ = {isa = PBXBuildFile; fileRef = 63DE5E8E2B17772B0050A54E /* WeatherPageViewModel.swift */; };
		63DE5E912B1777340050A54E /* SpeciePageModel.swift in Sources */ = {isa = PBXBuildFile; fileRef = 63DE5E902B1777340050A54E /* SpeciePageModel.swift */; };
		63DE5E932B17773A0050A54E /* SpeciePageViewModel.swift in Sources */ = {isa = PBXBuildFile; fileRef = 63DE5E922B17773A0050A54E /* SpeciePageViewModel.swift */; };
		63DE5E952B17773F0050A54E /* SolarResourcePageModel.swift in Sources */ = {isa = PBXBuildFile; fileRef = 63DE5E942B17773F0050A54E /* SolarResourcePageModel.swift */; };
		63DE5E972B17774C0050A54E /* SolarResourcePageViewModel.swift in Sources */ = {isa = PBXBuildFile; fileRef = 63DE5E962B17774C0050A54E /* SolarResourcePageViewModel.swift */; };
		63DE5E992B1777510050A54E /* PopulationPageModel.swift in Sources */ = {isa = PBXBuildFile; fileRef = 63DE5E982B1777510050A54E /* PopulationPageModel.swift */; };
		63DE5E9B2B1777580050A54E /* PopulationPageViewModel.swift in Sources */ = {isa = PBXBuildFile; fileRef = 63DE5E9A2B1777580050A54E /* PopulationPageViewModel.swift */; };
		63E8D78C2B179B5A00E60F60 /* NetworkManagerPro in Frameworks */ = {isa = PBXBuildFile; productRef = 63E8D78B2B179B5A00E60F60 /* NetworkManagerPro */; };
		63E8D78E2B179C0E00E60F60 /* UIColor Extension.swift in Sources */ = {isa = PBXBuildFile; fileRef = 63E8D78D2B179C0E00E60F60 /* UIColor Extension.swift */; };
/* End PBXBuildFile section */

/* Begin PBXFileReference section */
		63DE5E5F2B1766F80050A54E /* EcoTracker App.app */ = {isa = PBXFileReference; explicitFileType = wrapper.application; includeInIndex = 0; path = "EcoTracker App.app"; sourceTree = BUILT_PRODUCTS_DIR; };
		63DE5E622B1766F80050A54E /* AppDelegate.swift */ = {isa = PBXFileReference; lastKnownFileType = sourcecode.swift; path = AppDelegate.swift; sourceTree = "<group>"; };
		63DE5E642B1766F80050A54E /* SceneDelegate.swift */ = {isa = PBXFileReference; lastKnownFileType = sourcecode.swift; path = SceneDelegate.swift; sourceTree = "<group>"; };
		63DE5E662B1766F80050A54E /* AirQualityPageView.swift */ = {isa = PBXFileReference; lastKnownFileType = sourcecode.swift; path = AirQualityPageView.swift; sourceTree = "<group>"; };
		63DE5E6B2B1766F90050A54E /* Assets.xcassets */ = {isa = PBXFileReference; lastKnownFileType = folder.assetcatalog; path = Assets.xcassets; sourceTree = "<group>"; };
		63DE5E6E2B1766F90050A54E /* Base */ = {isa = PBXFileReference; lastKnownFileType = file.storyboard; name = Base; path = Base.lproj/LaunchScreen.storyboard; sourceTree = "<group>"; };
		63DE5E702B1766F90050A54E /* Info.plist */ = {isa = PBXFileReference; lastKnownFileType = text.plist.xml; path = Info.plist; sourceTree = "<group>"; };
		63DE5E782B1775D50050A54E /* WeatherPageView.swift */ = {isa = PBXFileReference; lastKnownFileType = sourcecode.swift; path = WeatherPageView.swift; sourceTree = "<group>"; };
		63DE5E7C2B17760E0050A54E /* SpeciePageView.swift */ = {isa = PBXFileReference; lastKnownFileType = sourcecode.swift; path = SpeciePageView.swift; sourceTree = "<group>"; };
		63DE5E7F2B17765D0050A54E /* SolarResourcePageView.swift */ = {isa = PBXFileReference; lastKnownFileType = sourcecode.swift; path = SolarResourcePageView.swift; sourceTree = "<group>"; };
		63DE5E822B17767C0050A54E /* PopulationPageView.swift */ = {isa = PBXFileReference; lastKnownFileType = sourcecode.swift; path = PopulationPageView.swift; sourceTree = "<group>"; };
		63DE5E852B1776C40050A54E /* AirQualityPageModel.swift */ = {isa = PBXFileReference; lastKnownFileType = sourcecode.swift; path = AirQualityPageModel.swift; sourceTree = "<group>"; };
		63DE5E872B1776D10050A54E /* AirQualityPageViewModel.swift */ = {isa = PBXFileReference; lastKnownFileType = sourcecode.swift; path = AirQualityPageViewModel.swift; sourceTree = "<group>"; };
		63DE5E8C2B1777250050A54E /* WeatherPageModel.swift */ = {isa = PBXFileReference; lastKnownFileType = sourcecode.swift; path = WeatherPageModel.swift; sourceTree = "<group>"; };
		63DE5E8E2B17772B0050A54E /* WeatherPageViewModel.swift */ = {isa = PBXFileReference; lastKnownFileType = sourcecode.swift; path = WeatherPageViewModel.swift; sourceTree = "<group>"; };
		63DE5E902B1777340050A54E /* SpeciePageModel.swift */ = {isa = PBXFileReference; lastKnownFileType = sourcecode.swift; path = SpeciePageModel.swift; sourceTree = "<group>"; };
		63DE5E922B17773A0050A54E /* SpeciePageViewModel.swift */ = {isa = PBXFileReference; lastKnownFileType = sourcecode.swift; path = SpeciePageViewModel.swift; sourceTree = "<group>"; };
		63DE5E942B17773F0050A54E /* SolarResourcePageModel.swift */ = {isa = PBXFileReference; lastKnownFileType = sourcecode.swift; path = SolarResourcePageModel.swift; sourceTree = "<group>"; };
		63DE5E962B17774C0050A54E /* SolarResourcePageViewModel.swift */ = {isa = PBXFileReference; lastKnownFileType = sourcecode.swift; path = SolarResourcePageViewModel.swift; sourceTree = "<group>"; };
		63DE5E982B1777510050A54E /* PopulationPageModel.swift */ = {isa = PBXFileReference; lastKnownFileType = sourcecode.swift; path = PopulationPageModel.swift; sourceTree = "<group>"; };
		63DE5E9A2B1777580050A54E /* PopulationPageViewModel.swift */ = {isa = PBXFileReference; lastKnownFileType = sourcecode.swift; path = PopulationPageViewModel.swift; sourceTree = "<group>"; };
		63E8D78D2B179C0E00E60F60 /* UIColor Extension.swift */ = {isa = PBXFileReference; lastKnownFileType = sourcecode.swift; path = "UIColor Extension.swift"; sourceTree = "<group>"; };
/* End PBXFileReference section */

/* Begin PBXFrameworksBuildPhase section */
		63DE5E5C2B1766F80050A54E /* Frameworks */ = {
			isa = PBXFrameworksBuildPhase;
			buildActionMask = 2147483647;
			files = (
				632AF25C2B17BDFD0006F5E0 /* Kingfisher in Frameworks */,
				63E8D78C2B179B5A00E60F60 /* NetworkManagerPro in Frameworks */,
			);
			runOnlyForDeploymentPostprocessing = 0;
		};
/* End PBXFrameworksBuildPhase section */

/* Begin PBXGroup section */
		63DE5E562B1766F80050A54E = {
			isa = PBXGroup;
			children = (
				63DE5E612B1766F80050A54E /* EcoTracker App */,
				63DE5E602B1766F80050A54E /* Products */,
			);
			sourceTree = "<group>";
		};
		63DE5E602B1766F80050A54E /* Products */ = {
			isa = PBXGroup;
			children = (
				63DE5E5F2B1766F80050A54E /* EcoTracker App.app */,
			);
			name = Products;
			sourceTree = "<group>";
		};
		63DE5E612B1766F80050A54E /* EcoTracker App */ = {
			isa = PBXGroup;
			children = (
				63DE5E762B1775740050A54E /* App */,
				63DE5E7B2B1775F30050A54E /* Scenes */,
				63E8D78F2B179C1200E60F60 /* Extensions */,
				63DE5E6B2B1766F90050A54E /* Assets.xcassets */,
				63DE5E6D2B1766F90050A54E /* LaunchScreen.storyboard */,
				63DE5E702B1766F90050A54E /* Info.plist */,
			);
			path = "EcoTracker App";
			sourceTree = "<group>";
		};
		63DE5E762B1775740050A54E /* App */ = {
			isa = PBXGroup;
			children = (
				63DE5E622B1766F80050A54E /* AppDelegate.swift */,
				63DE5E642B1766F80050A54E /* SceneDelegate.swift */,
			);
			path = App;
			sourceTree = "<group>";
		};
		63DE5E772B1775900050A54E /* AirQualityPage */ = {
			isa = PBXGroup;
			children = (
				63DE5E8A2B1776DE0050A54E /* Model */,
				63DE5E892B1776D50050A54E /* View */,
				63DE5E8B2B1776E60050A54E /* ViewModel */,
			);
			path = AirQualityPage;
			sourceTree = "<group>";
		};
		63DE5E7A2B1775E00050A54E /* WeatherPage */ = {
			isa = PBXGroup;
			children = (
				63DE5E9D2B17776E0050A54E /* Model */,
				63DE5E9C2B1777670050A54E /* View */,
				63DE5E9E2B1777790050A54E /* ViewModel */,
			);
			path = WeatherPage;
			sourceTree = "<group>";
		};
		63DE5E7B2B1775F30050A54E /* Scenes */ = {
			isa = PBXGroup;
			children = (
				63DE5E772B1775900050A54E /* AirQualityPage */,
				63DE5E7A2B1775E00050A54E /* WeatherPage */,
				63DE5E7E2B17761E0050A54E /* SpeciePage */,
				63DE5E812B1776600050A54E /* SolarResourcePage */,
				63DE5E842B1776800050A54E /* PopulationPage */,
			);
			path = Scenes;
			sourceTree = "<group>";
		};
		63DE5E7E2B17761E0050A54E /* SpeciePage */ = {
			isa = PBXGroup;
			children = (
				63DE5EA02B1777910050A54E /* Model */,
				63DE5E9F2B1777850050A54E /* View */,
				63DE5EA12B1777990050A54E /* ViewModel */,
			);
			path = SpeciePage;
			sourceTree = "<group>";
		};
		63DE5E812B1776600050A54E /* SolarResourcePage */ = {
			isa = PBXGroup;
			children = (
				63DE5EA32B1777A60050A54E /* Model */,
				63DE5EA22B1777A00050A54E /* View */,
				63DE5EA42B1777AB0050A54E /* ViewModel */,
			);
			path = SolarResourcePage;
			sourceTree = "<group>";
		};
		63DE5E842B1776800050A54E /* PopulationPage */ = {
			isa = PBXGroup;
			children = (
				63DE5EA62B1777B60050A54E /* Model */,
				63DE5EA52B1777B20050A54E /* View */,
				63DE5EA72B1777BA0050A54E /* ViewModel */,
			);
			path = PopulationPage;
			sourceTree = "<group>";
		};
		63DE5E892B1776D50050A54E /* View */ = {
			isa = PBXGroup;
			children = (
				63DE5E662B1766F80050A54E /* AirQualityPageView.swift */,
			);
			path = View;
			sourceTree = "<group>";
		};
		63DE5E8A2B1776DE0050A54E /* Model */ = {
			isa = PBXGroup;
			children = (
				63DE5E852B1776C40050A54E /* AirQualityPageModel.swift */,
			);
			path = Model;
			sourceTree = "<group>";
		};
		63DE5E8B2B1776E60050A54E /* ViewModel */ = {
			isa = PBXGroup;
			children = (
				63DE5E872B1776D10050A54E /* AirQualityPageViewModel.swift */,
			);
			path = ViewModel;
			sourceTree = "<group>";
		};
		63DE5E9C2B1777670050A54E /* View */ = {
			isa = PBXGroup;
			children = (
				63DE5E782B1775D50050A54E /* WeatherPageView.swift */,
			);
			path = View;
			sourceTree = "<group>";
		};
		63DE5E9D2B17776E0050A54E /* Model */ = {
			isa = PBXGroup;
			children = (
				63DE5E8C2B1777250050A54E /* WeatherPageModel.swift */,
			);
			path = Model;
			sourceTree = "<group>";
		};
		63DE5E9E2B1777790050A54E /* ViewModel */ = {
			isa = PBXGroup;
			children = (
				63DE5E8E2B17772B0050A54E /* WeatherPageViewModel.swift */,
			);
			path = ViewModel;
			sourceTree = "<group>";
		};
		63DE5E9F2B1777850050A54E /* View */ = {
			isa = PBXGroup;
			children = (
				63DE5E7C2B17760E0050A54E /* SpeciePageView.swift */,
			);
			path = View;
			sourceTree = "<group>";
		};
		63DE5EA02B1777910050A54E /* Model */ = {
			isa = PBXGroup;
			children = (
				63DE5E902B1777340050A54E /* SpeciePageModel.swift */,
			);
			path = Model;
			sourceTree = "<group>";
		};
		63DE5EA12B1777990050A54E /* ViewModel */ = {
			isa = PBXGroup;
			children = (
				63DE5E922B17773A0050A54E /* SpeciePageViewModel.swift */,
			);
			path = ViewModel;
			sourceTree = "<group>";
		};
		63DE5EA22B1777A00050A54E /* View */ = {
			isa = PBXGroup;
			children = (
				63DE5E7F2B17765D0050A54E /* SolarResourcePageView.swift */,
			);
			path = View;
			sourceTree = "<group>";
		};
		63DE5EA32B1777A60050A54E /* Model */ = {
			isa = PBXGroup;
			children = (
				63DE5E942B17773F0050A54E /* SolarResourcePageModel.swift */,
			);
			path = Model;
			sourceTree = "<group>";
		};
		63DE5EA42B1777AB0050A54E /* ViewModel */ = {
			isa = PBXGroup;
			children = (
				63DE5E962B17774C0050A54E /* SolarResourcePageViewModel.swift */,
			);
			path = ViewModel;
			sourceTree = "<group>";
		};
		63DE5EA52B1777B20050A54E /* View */ = {
			isa = PBXGroup;
			children = (
				63DE5E822B17767C0050A54E /* PopulationPageView.swift */,
			);
			path = View;
			sourceTree = "<group>";
		};
		63DE5EA62B1777B60050A54E /* Model */ = {
			isa = PBXGroup;
			children = (
				63DE5E982B1777510050A54E /* PopulationPageModel.swift */,
			);
			path = Model;
			sourceTree = "<group>";
		};
		63DE5EA72B1777BA0050A54E /* ViewModel */ = {
			isa = PBXGroup;
			children = (
				63DE5E9A2B1777580050A54E /* PopulationPageViewModel.swift */,
			);
			path = ViewModel;
			sourceTree = "<group>";
		};
		63E8D78F2B179C1200E60F60 /* Extensions */ = {
			isa = PBXGroup;
			children = (
				63E8D78D2B179C0E00E60F60 /* UIColor Extension.swift */,
			);
			path = Extensions;
			sourceTree = "<group>";
		};
/* End PBXGroup section */

/* Begin PBXNativeTarget section */
		63DE5E5E2B1766F80050A54E /* EcoTracker App */ = {
			isa = PBXNativeTarget;
			buildConfigurationList = 63DE5E732B1766F90050A54E /* Build configuration list for PBXNativeTarget "EcoTracker App" */;
			buildPhases = (
				63DE5E5B2B1766F80050A54E /* Sources */,
				63DE5E5C2B1766F80050A54E /* Frameworks */,
				63DE5E5D2B1766F80050A54E /* Resources */,
			);
			buildRules = (
			);
			dependencies = (
			);
			name = "EcoTracker App";
			packageProductDependencies = (
				63E8D78B2B179B5A00E60F60 /* NetworkManagerPro */,
				632AF25B2B17BDFD0006F5E0 /* Kingfisher */,
			);
			productName = "EcoTracker App";
			productReference = 63DE5E5F2B1766F80050A54E /* EcoTracker App.app */;
			productType = "com.apple.product-type.application";
		};
/* End PBXNativeTarget section */

/* Begin PBXProject section */
		63DE5E572B1766F80050A54E /* Project object */ = {
			isa = PBXProject;
			attributes = {
				BuildIndependentTargetsInParallel = 1;
				LastSwiftUpdateCheck = 1500;
				LastUpgradeCheck = 1500;
				TargetAttributes = {
					63DE5E5E2B1766F80050A54E = {
						CreatedOnToolsVersion = 15.0;
					};
				};
			};
			buildConfigurationList = 63DE5E5A2B1766F80050A54E /* Build configuration list for PBXProject "EcoTracker App" */;
			compatibilityVersion = "Xcode 14.0";
			developmentRegion = en;
			hasScannedForEncodings = 0;
			knownRegions = (
				en,
				Base,
			);
			mainGroup = 63DE5E562B1766F80050A54E;
			packageReferences = (
				63E8D78A2B179B5A00E60F60 /* XCRemoteSwiftPackageReference "NetworkManagerPro" */,
				632AF25A2B17BDFD0006F5E0 /* XCRemoteSwiftPackageReference "Kingfisher" */,
			);
			productRefGroup = 63DE5E602B1766F80050A54E /* Products */;
			projectDirPath = "";
			projectRoot = "";
			targets = (
				63DE5E5E2B1766F80050A54E /* EcoTracker App */,
			);
		};
/* End PBXProject section */

/* Begin PBXResourcesBuildPhase section */
		63DE5E5D2B1766F80050A54E /* Resources */ = {
			isa = PBXResourcesBuildPhase;
			buildActionMask = 2147483647;
			files = (
				63DE5E6F2B1766F90050A54E /* LaunchScreen.storyboard in Resources */,
				63DE5E6C2B1766F90050A54E /* Assets.xcassets in Resources */,
			);
			runOnlyForDeploymentPostprocessing = 0;
		};
/* End PBXResourcesBuildPhase section */

/* Begin PBXSourcesBuildPhase section */
		63DE5E5B2B1766F80050A54E /* Sources */ = {
			isa = PBXSourcesBuildPhase;
			buildActionMask = 2147483647;
			files = (
				63DE5E672B1766F80050A54E /* AirQualityPageView.swift in Sources */,
				63DE5E882B1776D10050A54E /* AirQualityPageViewModel.swift in Sources */,
				63DE5E792B1775D50050A54E /* WeatherPageView.swift in Sources */,
				63DE5E912B1777340050A54E /* SpeciePageModel.swift in Sources */,
				63E8D78E2B179C0E00E60F60 /* UIColor Extension.swift in Sources */,
				63DE5E8F2B17772B0050A54E /* WeatherPageViewModel.swift in Sources */,
				63DE5E802B17765D0050A54E /* SolarResourcePageView.swift in Sources */,
				63DE5E9B2B1777580050A54E /* PopulationPageViewModel.swift in Sources */,
				63DE5E932B17773A0050A54E /* SpeciePageViewModel.swift in Sources */,
				63DE5E992B1777510050A54E /* PopulationPageModel.swift in Sources */,
				63DE5E952B17773F0050A54E /* SolarResourcePageModel.swift in Sources */,
				63DE5E632B1766F80050A54E /* AppDelegate.swift in Sources */,
				63DE5E8D2B1777250050A54E /* WeatherPageModel.swift in Sources */,
				63DE5E972B17774C0050A54E /* SolarResourcePageViewModel.swift in Sources */,
				63DE5E7D2B17760E0050A54E /* SpeciePageView.swift in Sources */,
				63DE5E652B1766F80050A54E /* SceneDelegate.swift in Sources */,
				63DE5E832B17767C0050A54E /* PopulationPageView.swift in Sources */,
				63DE5E862B1776C40050A54E /* AirQualityPageModel.swift in Sources */,
			);
			runOnlyForDeploymentPostprocessing = 0;
		};
/* End PBXSourcesBuildPhase section */

/* Begin PBXVariantGroup section */
		63DE5E6D2B1766F90050A54E /* LaunchScreen.storyboard */ = {
			isa = PBXVariantGroup;
			children = (
				63DE5E6E2B1766F90050A54E /* Base */,
			);
			name = LaunchScreen.storyboard;
			sourceTree = "<group>";
		};
/* End PBXVariantGroup section */

/* Begin XCBuildConfiguration section */
		63DE5E712B1766F90050A54E /* Debug */ = {
			isa = XCBuildConfiguration;
			buildSettings = {
				ALWAYS_SEARCH_USER_PATHS = NO;
				ASSETCATALOG_COMPILER_GENERATE_SWIFT_ASSET_SYMBOL_EXTENSIONS = YES;
				CLANG_ANALYZER_NONNULL = YES;
				CLANG_ANALYZER_NUMBER_OBJECT_CONVERSION = YES_AGGRESSIVE;
				CLANG_CXX_LANGUAGE_STANDARD = "gnu++20";
				CLANG_ENABLE_MODULES = YES;
				CLANG_ENABLE_OBJC_ARC = YES;
				CLANG_ENABLE_OBJC_WEAK = YES;
				CLANG_WARN_BLOCK_CAPTURE_AUTORELEASING = YES;
				CLANG_WARN_BOOL_CONVERSION = YES;
				CLANG_WARN_COMMA = YES;
				CLANG_WARN_CONSTANT_CONVERSION = YES;
				CLANG_WARN_DEPRECATED_OBJC_IMPLEMENTATIONS = YES;
				CLANG_WARN_DIRECT_OBJC_ISA_USAGE = YES_ERROR;
				CLANG_WARN_DOCUMENTATION_COMMENTS = YES;
				CLANG_WARN_EMPTY_BODY = YES;
				CLANG_WARN_ENUM_CONVERSION = YES;
				CLANG_WARN_INFINITE_RECURSION = YES;
				CLANG_WARN_INT_CONVERSION = YES;
				CLANG_WARN_NON_LITERAL_NULL_CONVERSION = YES;
				CLANG_WARN_OBJC_IMPLICIT_RETAIN_SELF = YES;
				CLANG_WARN_OBJC_LITERAL_CONVERSION = YES;
				CLANG_WARN_OBJC_ROOT_CLASS = YES_ERROR;
				CLANG_WARN_QUOTED_INCLUDE_IN_FRAMEWORK_HEADER = YES;
				CLANG_WARN_RANGE_LOOP_ANALYSIS = YES;
				CLANG_WARN_STRICT_PROTOTYPES = YES;
				CLANG_WARN_SUSPICIOUS_MOVE = YES;
				CLANG_WARN_UNGUARDED_AVAILABILITY = YES_AGGRESSIVE;
				CLANG_WARN_UNREACHABLE_CODE = YES;
				CLANG_WARN__DUPLICATE_METHOD_MATCH = YES;
				COPY_PHASE_STRIP = NO;
				DEBUG_INFORMATION_FORMAT = dwarf;
				ENABLE_STRICT_OBJC_MSGSEND = YES;
				ENABLE_TESTABILITY = YES;
				ENABLE_USER_SCRIPT_SANDBOXING = YES;
				GCC_C_LANGUAGE_STANDARD = gnu17;
				GCC_DYNAMIC_NO_PIC = NO;
				GCC_NO_COMMON_BLOCKS = YES;
				GCC_OPTIMIZATION_LEVEL = 0;
				GCC_PREPROCESSOR_DEFINITIONS = (
					"DEBUG=1",
					"$(inherited)",
				);
				GCC_WARN_64_TO_32_BIT_CONVERSION = YES;
				GCC_WARN_ABOUT_RETURN_TYPE = YES_ERROR;
				GCC_WARN_UNDECLARED_SELECTOR = YES;
				GCC_WARN_UNINITIALIZED_AUTOS = YES_AGGRESSIVE;
				GCC_WARN_UNUSED_FUNCTION = YES;
				GCC_WARN_UNUSED_VARIABLE = YES;
				IPHONEOS_DEPLOYMENT_TARGET = 17.0;
				LOCALIZATION_PREFERS_STRING_CATALOGS = YES;
				MTL_ENABLE_DEBUG_INFO = INCLUDE_SOURCE;
				MTL_FAST_MATH = YES;
				ONLY_ACTIVE_ARCH = YES;
				SDKROOT = iphoneos;
				SWIFT_ACTIVE_COMPILATION_CONDITIONS = "DEBUG $(inherited)";
				SWIFT_OPTIMIZATION_LEVEL = "-Onone";
			};
			name = Debug;
		};
		63DE5E722B1766F90050A54E /* Release */ = {
			isa = XCBuildConfiguration;
			buildSettings = {
				ALWAYS_SEARCH_USER_PATHS = NO;
				ASSETCATALOG_COMPILER_GENERATE_SWIFT_ASSET_SYMBOL_EXTENSIONS = YES;
				CLANG_ANALYZER_NONNULL = YES;
				CLANG_ANALYZER_NUMBER_OBJECT_CONVERSION = YES_AGGRESSIVE;
				CLANG_CXX_LANGUAGE_STANDARD = "gnu++20";
				CLANG_ENABLE_MODULES = YES;
				CLANG_ENABLE_OBJC_ARC = YES;
				CLANG_ENABLE_OBJC_WEAK = YES;
				CLANG_WARN_BLOCK_CAPTURE_AUTORELEASING = YES;
				CLANG_WARN_BOOL_CONVERSION = YES;
				CLANG_WARN_COMMA = YES;
				CLANG_WARN_CONSTANT_CONVERSION = YES;
				CLANG_WARN_DEPRECATED_OBJC_IMPLEMENTATIONS = YES;
				CLANG_WARN_DIRECT_OBJC_ISA_USAGE = YES_ERROR;
				CLANG_WARN_DOCUMENTATION_COMMENTS = YES;
				CLANG_WARN_EMPTY_BODY = YES;
				CLANG_WARN_ENUM_CONVERSION = YES;
				CLANG_WARN_INFINITE_RECURSION = YES;
				CLANG_WARN_INT_CONVERSION = YES;
				CLANG_WARN_NON_LITERAL_NULL_CONVERSION = YES;
				CLANG_WARN_OBJC_IMPLICIT_RETAIN_SELF = YES;
				CLANG_WARN_OBJC_LITERAL_CONVERSION = YES;
				CLANG_WARN_OBJC_ROOT_CLASS = YES_ERROR;
				CLANG_WARN_QUOTED_INCLUDE_IN_FRAMEWORK_HEADER = YES;
				CLANG_WARN_RANGE_LOOP_ANALYSIS = YES;
				CLANG_WARN_STRICT_PROTOTYPES = YES;
				CLANG_WARN_SUSPICIOUS_MOVE = YES;
				CLANG_WARN_UNGUARDED_AVAILABILITY = YES_AGGRESSIVE;
				CLANG_WARN_UNREACHABLE_CODE = YES;
				CLANG_WARN__DUPLICATE_METHOD_MATCH = YES;
				COPY_PHASE_STRIP = NO;
				DEBUG_INFORMATION_FORMAT = "dwarf-with-dsym";
				ENABLE_NS_ASSERTIONS = NO;
				ENABLE_STRICT_OBJC_MSGSEND = YES;
				ENABLE_USER_SCRIPT_SANDBOXING = YES;
				GCC_C_LANGUAGE_STANDARD = gnu17;
				GCC_NO_COMMON_BLOCKS = YES;
				GCC_WARN_64_TO_32_BIT_CONVERSION = YES;
				GCC_WARN_ABOUT_RETURN_TYPE = YES_ERROR;
				GCC_WARN_UNDECLARED_SELECTOR = YES;
				GCC_WARN_UNINITIALIZED_AUTOS = YES_AGGRESSIVE;
				GCC_WARN_UNUSED_FUNCTION = YES;
				GCC_WARN_UNUSED_VARIABLE = YES;
				IPHONEOS_DEPLOYMENT_TARGET = 17.0;
				LOCALIZATION_PREFERS_STRING_CATALOGS = YES;
				MTL_ENABLE_DEBUG_INFO = NO;
				MTL_FAST_MATH = YES;
				SDKROOT = iphoneos;
				SWIFT_COMPILATION_MODE = wholemodule;
				VALIDATE_PRODUCT = YES;
			};
			name = Release;
		};
		63DE5E742B1766F90050A54E /* Debug */ = {
			isa = XCBuildConfiguration;
			buildSettings = {
				ASSETCATALOG_COMPILER_APPICON_NAME = AppIcon;
				ASSETCATALOG_COMPILER_GLOBAL_ACCENT_COLOR_NAME = AccentColor;
				CODE_SIGN_STYLE = Automatic;
				CURRENT_PROJECT_VERSION = 1;
				DEVELOPMENT_TEAM = 25A9GC2B9J;
				GENERATE_INFOPLIST_FILE = YES;
				INFOPLIST_FILE = "EcoTracker App/Info.plist";
				INFOPLIST_KEY_UIApplicationSupportsIndirectInputEvents = YES;
				INFOPLIST_KEY_UILaunchStoryboardName = LaunchScreen;
				INFOPLIST_KEY_UISupportedInterfaceOrientations_iPad = "UIInterfaceOrientationPortrait UIInterfaceOrientationPortraitUpsideDown UIInterfaceOrientationLandscapeLeft UIInterfaceOrientationLandscapeRight";
				INFOPLIST_KEY_UISupportedInterfaceOrientations_iPhone = "UIInterfaceOrientationPortrait UIInterfaceOrientationLandscapeLeft UIInterfaceOrientationLandscapeRight";
				IPHONEOS_DEPLOYMENT_TARGET = 16.2;
				LD_RUNPATH_SEARCH_PATHS = (
					"$(inherited)",
					"@executable_path/Frameworks",
				);
				MARKETING_VERSION = 1.0;
				PRODUCT_BUNDLE_IDENTIFIER = "com.lecture.EcoTracker-App";
				PRODUCT_NAME = "$(TARGET_NAME)";
				SWIFT_EMIT_LOC_STRINGS = YES;
				SWIFT_VERSION = 5.0;
				TARGETED_DEVICE_FAMILY = "1,2";
			};
			name = Debug;
		};
		63DE5E752B1766F90050A54E /* Release */ = {
			isa = XCBuildConfiguration;
			buildSettings = {
				ASSETCATALOG_COMPILER_APPICON_NAME = AppIcon;
				ASSETCATALOG_COMPILER_GLOBAL_ACCENT_COLOR_NAME = AccentColor;
				CODE_SIGN_STYLE = Automatic;
				CURRENT_PROJECT_VERSION = 1;
				DEVELOPMENT_TEAM = 25A9GC2B9J;
				GENERATE_INFOPLIST_FILE = YES;
				INFOPLIST_FILE = "EcoTracker App/Info.plist";
				INFOPLIST_KEY_UIApplicationSupportsIndirectInputEvents = YES;
				INFOPLIST_KEY_UILaunchStoryboardName = LaunchScreen;
				INFOPLIST_KEY_UISupportedInterfaceOrientations_iPad = "UIInterfaceOrientationPortrait UIInterfaceOrientationPortraitUpsideDown UIInterfaceOrientationLandscapeLeft UIInterfaceOrientationLandscapeRight";
				INFOPLIST_KEY_UISupportedInterfaceOrientations_iPhone = "UIInterfaceOrientationPortrait UIInterfaceOrientationLandscapeLeft UIInterfaceOrientationLandscapeRight";
				IPHONEOS_DEPLOYMENT_TARGET = 16.2;
				LD_RUNPATH_SEARCH_PATHS = (
					"$(inherited)",
					"@executable_path/Frameworks",
				);
				MARKETING_VERSION = 1.0;
				PRODUCT_BUNDLE_IDENTIFIER = "com.lecture.EcoTracker-App";
				PRODUCT_NAME = "$(TARGET_NAME)";
				SWIFT_EMIT_LOC_STRINGS = YES;
				SWIFT_VERSION = 5.0;
				TARGETED_DEVICE_FAMILY = "1,2";
			};
			name = Release;
		};
/* End XCBuildConfiguration section */

/* Begin XCConfigurationList section */
		63DE5E5A2B1766F80050A54E /* Build configuration list for PBXProject "EcoTracker App" */ = {
			isa = XCConfigurationList;
			buildConfigurations = (
				63DE5E712B1766F90050A54E /* Debug */,
				63DE5E722B1766F90050A54E /* Release */,
			);
			defaultConfigurationIsVisible = 0;
			defaultConfigurationName = Release;
		};
		63DE5E732B1766F90050A54E /* Build configuration list for PBXNativeTarget "EcoTracker App" */ = {
			isa = XCConfigurationList;
			buildConfigurations = (
				63DE5E742B1766F90050A54E /* Debug */,
				63DE5E752B1766F90050A54E /* Release */,
			);
			defaultConfigurationIsVisible = 0;
			defaultConfigurationName = Release;
		};
/* End XCConfigurationList section */

/* Begin XCRemoteSwiftPackageReference section */
		632AF25A2B17BDFD0006F5E0 /* XCRemoteSwiftPackageReference "Kingfisher" */ = {
			isa = XCRemoteSwiftPackageReference;
			repositoryURL = "https://github.com/onevcat/Kingfisher";
			requirement = {
				kind = upToNextMajorVersion;
				minimumVersion = 7.10.0;
			};
		};
		63E8D78A2B179B5A00E60F60 /* XCRemoteSwiftPackageReference "NetworkManagerPro" */ = {
			isa = XCRemoteSwiftPackageReference;
			repositoryURL = "https://github.com/dsila2017/NetworkManagerPro";
			requirement = {
				branch = main;
				kind = branch;
			};
		};
/* End XCRemoteSwiftPackageReference section */

/* Begin XCSwiftPackageProductDependency section */
		632AF25B2B17BDFD0006F5E0 /* Kingfisher */ = {
			isa = XCSwiftPackageProductDependency;
			package = 632AF25A2B17BDFD0006F5E0 /* XCRemoteSwiftPackageReference "Kingfisher" */;
			productName = Kingfisher;
		};
		63E8D78B2B179B5A00E60F60 /* NetworkManagerPro */ = {
			isa = XCSwiftPackageProductDependency;
			package = 63E8D78A2B179B5A00E60F60 /* XCRemoteSwiftPackageReference "NetworkManagerPro" */;
			productName = NetworkManagerPro;
		};
/* End XCSwiftPackageProductDependency section */
	};
	rootObject = 63DE5E572B1766F80050A54E /* Project object */;
}
